
Microsoft Visual Studio Solution File, Format Version 12.00
# Visual Studio Version 17
VisualStudioVersion = 17.5.33627.172
MinimumVisualStudioVersion = 10.0.40219.1
Project("{FAE04EC0-301F-11D3-BF4B-00C04F79EFBC}") = "BugTracker", "BugTracker.csproj", "{8BC2A4D1-7B6B-4EAF-B401-1EFA583B07BC}"
EndProject
Global
	GlobalSection(SolutionConfigurationPlatforms) = preSolution
		Debug|Any CPU = Debug|Any CPU
		Release|Any CPU = Release|Any CPU
	EndGlobalSection
	GlobalSection(ProjectConfigurationPlatforms) = postSolution
		{8BC2A4D1-7B6B-4EAF-B401-1EFA583B07BC}.Debug|Any CPU.ActiveCfg = Debug|Any CPU
		{8BC2A4D1-7B6B-4EAF-B401-1EFA583B07BC}.Debug|Any CPU.Build.0 = Debug|Any CPU
		{8BC2A4D1-7B6B-4EAF-B401-1EFA583B07BC}.Release|Any CPU.ActiveCfg = Release|Any CPU
		{8BC2A4D1-7B6B-4EAF-B401-1EFA583B07BC}.Release|Any CPU.Build.0 = Release|Any CPU
	EndGlobalSection
	GlobalSection(SolutionProperties) = preSolution
		HideSolutionNode = FALSE
	EndGlobalSection
	GlobalSection(ExtensibilityGlobals) = postSolution
		SolutionGuid = {9A30F597-2854-4B91-BEC9-B78F609F8FA2}
	EndGlobalSection
EndGlobal
